
Microsoft Visual Studio Solution File, Format Version 12.00
Project("{2150E333-8FDC-42A3-9474-1A3956D46DE8}") = "src", "src", "{6983D239-07DA-4DFA-9AAA-F6876029FF8D}"
EndProject
Project("{FAE04EC0-301F-11D3-BF4B-00C04F79EFBC}") = "Mocha.Core", "src\Mocha.Core\Mocha.Core.csproj", "{DCA600F0-4D6C-44DA-A493-F63097CCE74E}"
EndProject
Project("{FAE04EC0-301F-11D3-BF4B-00C04F79EFBC}") = "Mocha.Streaming", "src\Mocha.Streaming\Mocha.Streaming.csproj", "{59E9A27B-4976-455D-B9DA-A5746DB9EDE7}"
EndProject
Project("{FAE04EC0-301F-11D3-BF4B-00C04F79EFBC}") = "Mocha.Protocol.Generated", "src\Mocha.Protocol.Generated\Mocha.Protocol.Generated.csproj", "{4A85E577-8702-4CC0-8DFD-BEFB67A7644E}"
EndProject
Project("{FAE04EC0-301F-11D3-BF4B-00C04F79EFBC}") = "Mocha.Distributor", "src\Mocha.Distributor\Mocha.Distributor.csproj", "{2C317C3A-E138-419A-9570-975C62E6B4F4}"
EndProject
Project("{2150E333-8FDC-42A3-9474-1A3956D46DE8}") = "tests", "tests", "{24F9E34A-D92A-4C0A-851F-1E864181BF97}"
EndProject
Project("{FAE04EC0-301F-11D3-BF4B-00C04F79EFBC}") = "Mocha.Core.Tests", "tests\Mocha.Core.Tests\Mocha.Core.Tests.csproj", "{F53E1E73-CA7D-4921-8CEC-5629379AEDB7}"
EndProject
Project("{2150E333-8FDC-42A3-9474-1A3956D46DE8}") = "Solution Items", "Solution Items", "{71D20701-E657-443F-8000-7958FB5E6BD7}"
	ProjectSection(SolutionItems) = preProject
		.dockerignore = .dockerignore
		.editorconfig = .editorconfig
		.gitignore = .gitignore
		.gitmodules = .gitmodules
		LICENSE = LICENSE
		README.md = README.md
		.github\workflows\dotnet-build.yml = .github\workflows\dotnet-build.yml
		README.zh-CN.md = README.zh-CN.md
	EndProjectSection
EndProject
Project("{FAE04EC0-301F-11D3-BF4B-00C04F79EFBC}") = "Mocha.Storage", "src\Mocha.Storage\Mocha.Storage.csproj", "{8EEB6697-B975-430D-9CC3-3048E76C5ECA}"
EndProject
Project("{FAE04EC0-301F-11D3-BF4B-00C04F79EFBC}") = "Mocha.Core.Benchmarks", "tests\Mocha.Core.Benchmarks\Mocha.Core.Benchmarks.csproj", "{2107E75D-9717-4CCD-BE85-713BEF75366A}"
EndProject
Project("{FAE04EC0-301F-11D3-BF4B-00C04F79EFBC}") = "Mocha.Storage.Tests", "tests\Mocha.Storage.Tests\Mocha.Storage.Tests.csproj", "{FC0D810E-4ACC-4567-95D8-D7F617E412FE}"
EndProject
Project("{FAE04EC0-301F-11D3-BF4B-00C04F79EFBC}") = "Mocha.Query", "src\Mocha.Query\Mocha.Query.csproj", "{DC281C3B-455F-4391-92EF-D5D99FC2B9AA}"
EndProject
Project("{2150E333-8FDC-42A3-9474-1A3956D46DE8}") = "scripts", "scripts", "{53AF2923-4CB8-44C8-885B-B0EEB8574FEB}"
EndProject
Project("{2150E333-8FDC-42A3-9474-1A3956D46DE8}") = "mysql", "mysql", "{1DCDFC33-1401-4CCA-AAAE-FC150AD147F5}"
	ProjectSection(SolutionItems) = preProject
		scripts\mysql\init.sql = scripts\mysql\init.sql
	EndProjectSection
EndProject
Project("{2150E333-8FDC-42A3-9474-1A3956D46DE8}") = "docker", "docker", "{D598862A-999C-40FD-A190-EBD00376D077}"
	ProjectSection(SolutionItems) = preProject
		docker\docker-compose.yml = docker\docker-compose.yml
	EndProjectSection
EndProject
Project("{2150E333-8FDC-42A3-9474-1A3956D46DE8}") = "distributor", "distributor", "{959DCB4E-A070-4C66-A27F-D83CB933F0D8}"
	ProjectSection(SolutionItems) = preProject
		docker\distributor\Dockerfile = docker\distributor\Dockerfile
	EndProjectSection
EndProject
Project("{2150E333-8FDC-42A3-9474-1A3956D46DE8}") = "query", "query", "{C7222A9C-C50C-4FF0-A02D-778A9BB4DD2C}"
	ProjectSection(SolutionItems) = preProject
		docker\jaeger-query\Dockerfile = docker\query\Dockerfile
	EndProjectSection
EndProject
Global
	GlobalSection(SolutionConfigurationPlatforms) = preSolution
		Debug|Any CPU = Debug|Any CPU
		Release|Any CPU = Release|Any CPU
	EndGlobalSection
	GlobalSection(NestedProjects) = preSolution
		{DCA600F0-4D6C-44DA-A493-F63097CCE74E} = {6983D239-07DA-4DFA-9AAA-F6876029FF8D}
		{59E9A27B-4976-455D-B9DA-A5746DB9EDE7} = {6983D239-07DA-4DFA-9AAA-F6876029FF8D}
		{4A85E577-8702-4CC0-8DFD-BEFB67A7644E} = {6983D239-07DA-4DFA-9AAA-F6876029FF8D}
		{2C317C3A-E138-419A-9570-975C62E6B4F4} = {6983D239-07DA-4DFA-9AAA-F6876029FF8D}
		{F53E1E73-CA7D-4921-8CEC-5629379AEDB7} = {24F9E34A-D92A-4C0A-851F-1E864181BF97}
		{8EEB6697-B975-430D-9CC3-3048E76C5ECA} = {6983D239-07DA-4DFA-9AAA-F6876029FF8D}
		{2107E75D-9717-4CCD-BE85-713BEF75366A} = {24F9E34A-D92A-4C0A-851F-1E864181BF97}
		{FC0D810E-4ACC-4567-95D8-D7F617E412FE} = {24F9E34A-D92A-4C0A-851F-1E864181BF97}
		{DC281C3B-455F-4391-92EF-D5D99FC2B9AA} = {6983D239-07DA-4DFA-9AAA-F6876029FF8D}
		{1DCDFC33-1401-4CCA-AAAE-FC150AD147F5} = {53AF2923-4CB8-44C8-885B-B0EEB8574FEB}
		{959DCB4E-A070-4C66-A27F-D83CB933F0D8} = {D598862A-999C-40FD-A190-EBD00376D077}
		{C7222A9C-C50C-4FF0-A02D-778A9BB4DD2C} = {D598862A-999C-40FD-A190-EBD00376D077}
	EndGlobalSection
	GlobalSection(ProjectConfigurationPlatforms) = postSolution
		{DCA600F0-4D6C-44DA-A493-F63097CCE74E}.Debug|Any CPU.ActiveCfg = Debug|Any CPU
		{DCA600F0-4D6C-44DA-A493-F63097CCE74E}.Debug|Any CPU.Build.0 = Debug|Any CPU
		{DCA600F0-4D6C-44DA-A493-F63097CCE74E}.Release|Any CPU.ActiveCfg = Release|Any CPU
		{DCA600F0-4D6C-44DA-A493-F63097CCE74E}.Release|Any CPU.Build.0 = Release|Any CPU
		{59E9A27B-4976-455D-B9DA-A5746DB9EDE7}.Debug|Any CPU.ActiveCfg = Debug|Any CPU
		{59E9A27B-4976-455D-B9DA-A5746DB9EDE7}.Debug|Any CPU.Build.0 = Debug|Any CPU
		{59E9A27B-4976-455D-B9DA-A5746DB9EDE7}.Release|Any CPU.ActiveCfg = Release|Any CPU
		{59E9A27B-4976-455D-B9DA-A5746DB9EDE7}.Release|Any CPU.Build.0 = Release|Any CPU
		{4A85E577-8702-4CC0-8DFD-BEFB67A7644E}.Debug|Any CPU.ActiveCfg = Debug|Any CPU
		{4A85E577-8702-4CC0-8DFD-BEFB67A7644E}.Debug|Any CPU.Build.0 = Debug|Any CPU
		{4A85E577-8702-4CC0-8DFD-BEFB67A7644E}.Release|Any CPU.ActiveCfg = Release|Any CPU
		{4A85E577-8702-4CC0-8DFD-BEFB67A7644E}.Release|Any CPU.Build.0 = Release|Any CPU
		{2C317C3A-E138-419A-9570-975C62E6B4F4}.Debug|Any CPU.ActiveCfg = Debug|Any CPU
		{2C317C3A-E138-419A-9570-975C62E6B4F4}.Debug|Any CPU.Build.0 = Debug|Any CPU
		{2C317C3A-E138-419A-9570-975C62E6B4F4}.Release|Any CPU.ActiveCfg = Release|Any CPU
		{2C317C3A-E138-419A-9570-975C62E6B4F4}.Release|Any CPU.Build.0 = Release|Any CPU
		{F53E1E73-CA7D-4921-8CEC-5629379AEDB7}.Debug|Any CPU.ActiveCfg = Debug|Any CPU
		{F53E1E73-CA7D-4921-8CEC-5629379AEDB7}.Debug|Any CPU.Build.0 = Debug|Any CPU
		{F53E1E73-CA7D-4921-8CEC-5629379AEDB7}.Release|Any CPU.ActiveCfg = Release|Any CPU
		{F53E1E73-CA7D-4921-8CEC-5629379AEDB7}.Release|Any CPU.Build.0 = Release|Any CPU
		{8EEB6697-B975-430D-9CC3-3048E76C5ECA}.Debug|Any CPU.ActiveCfg = Debug|Any CPU
		{8EEB6697-B975-430D-9CC3-3048E76C5ECA}.Debug|Any CPU.Build.0 = Debug|Any CPU
		{8EEB6697-B975-430D-9CC3-3048E76C5ECA}.Release|Any CPU.ActiveCfg = Release|Any CPU
		{8EEB6697-B975-430D-9CC3-3048E76C5ECA}.Release|Any CPU.Build.0 = Release|Any CPU
		{2107E75D-9717-4CCD-BE85-713BEF75366A}.Debug|Any CPU.ActiveCfg = Debug|Any CPU
		{2107E75D-9717-4CCD-BE85-713BEF75366A}.Debug|Any CPU.Build.0 = Debug|Any CPU
		{2107E75D-9717-4CCD-BE85-713BEF75366A}.Release|Any CPU.ActiveCfg = Release|Any CPU
		{2107E75D-9717-4CCD-BE85-713BEF75366A}.Release|Any CPU.Build.0 = Release|Any CPU
		{FC0D810E-4ACC-4567-95D8-D7F617E412FE}.Debug|Any CPU.ActiveCfg = Debug|Any CPU
		{FC0D810E-4ACC-4567-95D8-D7F617E412FE}.Debug|Any CPU.Build.0 = Debug|Any CPU
		{FC0D810E-4ACC-4567-95D8-D7F617E412FE}.Release|Any CPU.ActiveCfg = Release|Any CPU
		{FC0D810E-4ACC-4567-95D8-D7F617E412FE}.Release|Any CPU.Build.0 = Release|Any CPU
		{DC281C3B-455F-4391-92EF-D5D99FC2B9AA}.Debug|Any CPU.ActiveCfg = Debug|Any CPU
		{DC281C3B-455F-4391-92EF-D5D99FC2B9AA}.Debug|Any CPU.Build.0 = Debug|Any CPU
		{DC281C3B-455F-4391-92EF-D5D99FC2B9AA}.Release|Any CPU.ActiveCfg = Release|Any CPU
		{DC281C3B-455F-4391-92EF-D5D99FC2B9AA}.Release|Any CPU.Build.0 = Release|Any CPU
	EndGlobalSection
EndGlobal
