
Microsoft Visual Studio Solution File, Format Version 12.00
# Visual Studio Version 17
VisualStudioVersion = 17.0.31903.59
MinimumVisualStudioVersion = 10.0.40219.1
Project("{FAE04EC0-301F-11D3-BF4B-00C04F79EFBC}") = "Mocha.E2E.Abstractions", "Mocha.E2E.Abstractions\Mocha.E2E.Abstractions.csproj", "{C8AD28BD-41C1-4CF6-B83E-E68FCFEE0037}"
EndProject
Project("{FAE04EC0-301F-11D3-BF4B-00C04F79EFBC}") = "Mocha.EndToEnd", "Mocha.EndToEnd\Mocha.EndToEnd.csproj", "{5FB0D2FD-9C58-4DE9-9E0C-850C72128152}"
EndProject
Project("{FAE04EC0-301F-11D3-BF4B-00C04F79EFBC}") = "Mocha.E2E.Component.Tests", "Mocha.E2E.Component.Tests\Mocha.E2E.Component.Tests.csproj", "{9CE4DFB4-A13B-4CA9-808E-F1DDF823BB1D}"
EndProject
Global
	GlobalSection(SolutionConfigurationPlatforms) = preSolution
		Debug|Any CPU = Debug|Any CPU
		Debug|x64 = Debug|x64
		Debug|x86 = Debug|x86
		Release|Any CPU = Release|Any CPU
		Release|x64 = Release|x64
		Release|x86 = Release|x86
	EndGlobalSection
	GlobalSection(ProjectConfigurationPlatforms) = postSolution
		{C8AD28BD-41C1-4CF6-B83E-E68FCFEE0037}.Debug|Any CPU.ActiveCfg = Debug|Any CPU
		{C8AD28BD-41C1-4CF6-B83E-E68FCFEE0037}.Debug|Any CPU.Build.0 = Debug|Any CPU
		{C8AD28BD-41C1-4CF6-B83E-E68FCFEE0037}.Debug|x64.ActiveCfg = Debug|Any CPU
		{C8AD28BD-41C1-4CF6-B83E-E68FCFEE0037}.Debug|x64.Build.0 = Debug|Any CPU
		{C8AD28BD-41C1-4CF6-B83E-E68FCFEE0037}.Debug|x86.ActiveCfg = Debug|Any CPU
		{C8AD28BD-41C1-4CF6-B83E-E68FCFEE0037}.Debug|x86.Build.0 = Debug|Any CPU
		{C8AD28BD-41C1-4CF6-B83E-E68FCFEE0037}.Release|Any CPU.ActiveCfg = Release|Any CPU
		{C8AD28BD-41C1-4CF6-B83E-E68FCFEE0037}.Release|Any CPU.Build.0 = Release|Any CPU
		{C8AD28BD-41C1-4CF6-B83E-E68FCFEE0037}.Release|x64.ActiveCfg = Release|Any CPU
		{C8AD28BD-41C1-4CF6-B83E-E68FCFEE0037}.Release|x64.Build.0 = Release|Any CPU
		{C8AD28BD-41C1-4CF6-B83E-E68FCFEE0037}.Release|x86.ActiveCfg = Release|Any CPU
		{C8AD28BD-41C1-4CF6-B83E-E68FCFEE0037}.Release|x86.Build.0 = Release|Any CPU
		{5FB0D2FD-9C58-4DE9-9E0C-850C72128152}.Debug|Any CPU.ActiveCfg = Debug|Any CPU
		{5FB0D2FD-9C58-4DE9-9E0C-850C72128152}.Debug|Any CPU.Build.0 = Debug|Any CPU
		{5FB0D2FD-9C58-4DE9-9E0C-850C72128152}.Debug|x64.ActiveCfg = Debug|Any CPU
		{5FB0D2FD-9C58-4DE9-9E0C-850C72128152}.Debug|x64.Build.0 = Debug|Any CPU
		{5FB0D2FD-9C58-4DE9-9E0C-850C72128152}.Debug|x86.ActiveCfg = Debug|Any CPU
		{5FB0D2FD-9C58-4DE9-9E0C-850C72128152}.Debug|x86.Build.0 = Debug|Any CPU
		{5FB0D2FD-9C58-4DE9-9E0C-850C72128152}.Release|Any CPU.ActiveCfg = Release|Any CPU
		{5FB0D2FD-9C58-4DE9-9E0C-850C72128152}.Release|Any CPU.Build.0 = Release|Any CPU
		{5FB0D2FD-9C58-4DE9-9E0C-850C72128152}.Release|x64.ActiveCfg = Release|Any CPU
		{5FB0D2FD-9C58-4DE9-9E0C-850C72128152}.Release|x64.Build.0 = Release|Any CPU
		{5FB0D2FD-9C58-4DE9-9E0C-850C72128152}.Release|x86.ActiveCfg = Release|Any CPU
		{5FB0D2FD-9C58-4DE9-9E0C-850C72128152}.Release|x86.Build.0 = Release|Any CPU
		{9CE4DFB4-A13B-4CA9-808E-F1DDF823BB1D}.Debug|Any CPU.ActiveCfg = Debug|Any CPU
		{9CE4DFB4-A13B-4CA9-808E-F1DDF823BB1D}.Debug|Any CPU.Build.0 = Debug|Any CPU
		{9CE4DFB4-A13B-4CA9-808E-F1DDF823BB1D}.Debug|x64.ActiveCfg = Debug|Any CPU
		{9CE4DFB4-A13B-4CA9-808E-F1DDF823BB1D}.Debug|x64.Build.0 = Debug|Any CPU
		{9CE4DFB4-A13B-4CA9-808E-F1DDF823BB1D}.Debug|x86.ActiveCfg = Debug|Any CPU
		{9CE4DFB4-A13B-4CA9-808E-F1DDF823BB1D}.Debug|x86.Build.0 = Debug|Any CPU
		{9CE4DFB4-A13B-4CA9-808E-F1DDF823BB1D}.Release|Any CPU.ActiveCfg = Release|Any CPU
		{9CE4DFB4-A13B-4CA9-808E-F1DDF823BB1D}.Release|Any CPU.Build.0 = Release|Any CPU
		{9CE4DFB4-A13B-4CA9-808E-F1DDF823BB1D}.Release|x64.ActiveCfg = Release|Any CPU
		{9CE4DFB4-A13B-4CA9-808E-F1DDF823BB1D}.Release|x64.Build.0 = Release|Any CPU
		{9CE4DFB4-A13B-4CA9-808E-F1DDF823BB1D}.Release|x86.ActiveCfg = Release|Any CPU
		{9CE4DFB4-A13B-4CA9-808E-F1DDF823BB1D}.Release|x86.Build.0 = Release|Any CPU
	EndGlobalSection
	GlobalSection(SolutionProperties) = preSolution
		HideSolutionNode = FALSE
	EndGlobalSection
EndGlobal
